// !$*UTF8*$!
{
	archiveVersion = 1;
	classes = {
	};
	objectVersion = 50;
	objects = {

/* Begin PBXBuildFile section */
		67094456211E2A6C00B8C05E /* main.c in Sources */ = {isa = PBXBuildFile; fileRef = 67094455211E2A6C00B8C05E /* main.c */; };
		67094462211E2AB900B8C05E /* eos_utils.c in Sources */ = {isa = PBXBuildFile; fileRef = 6709445D211E2AB900B8C05E /* eos_utils.c */; };
		67094463211E2AB900B8C05E /* eos_stream.c in Sources */ = {isa = PBXBuildFile; fileRef = 6709445E211E2AB900B8C05E /* eos_stream.c */; };
		67094464211E2AB900B8C05E /* eos_types.c in Sources */ = {isa = PBXBuildFile; fileRef = 6709445F211E2AB900B8C05E /* eos_types.c */; };
		673E26FB217333930028C96F /* eos_parse_eosio.c in Sources */ = {isa = PBXBuildFile; fileRef = 673E26F5217333920028C96F /* eos_parse_eosio.c */; };
		673E26FC217333930028C96F /* eos_parse.c in Sources */ = {isa = PBXBuildFile; fileRef = 673E26F6217333920028C96F /* eos_parse.c */; };
		673E26FD217333930028C96F /* eos_parse_token.c in Sources */ = {isa = PBXBuildFile; fileRef = 673E26FA217333930028C96F /* eos_parse_token.c */; };
		673E2700217517A50028C96F /* eos_parse_unknown.c in Sources */ = {isa = PBXBuildFile; fileRef = 673E26FE217517A50028C96F /* eos_parse_unknown.c */; };
		67786CFA2191C5080047C22D /* cx.c in Sources */ = {isa = PBXBuildFile; fileRef = 67786CF92191C5080047C22D /* cx.c */; };
/* End PBXBuildFile section */

/* Begin PBXCopyFilesBuildPhase section */
		67094450211E2A6B00B8C05E /* CopyFiles */ = {
			isa = PBXCopyFilesBuildPhase;
			buildActionMask = 2147483647;
			dstPath = /usr/share/man/man1/;
			dstSubfolderSpec = 0;
			files = (
			);
			runOnlyForDeploymentPostprocessing = 1;
		};
/* End PBXCopyFilesBuildPhase section */

/* Begin PBXFileReference section */
		67094452211E2A6C00B8C05E /* desktop */ = {isa = PBXFileReference; explicitFileType = "compiled.mach-o.executable"; includeInIndex = 0; path = desktop; sourceTree = BUILT_PRODUCTS_DIR; };
		67094455211E2A6C00B8C05E /* main.c */ = {isa = PBXFileReference; lastKnownFileType = sourcecode.c.c; path = main.c; sourceTree = "<group>"; };
		6709445C211E2AB900B8C05E /* eos_stream.h */ = {isa = PBXFileReference; fileEncoding = 4; lastKnownFileType = sourcecode.c.h; name = eos_stream.h; path = ../src/eos_stream.h; sourceTree = "<group>"; };
		6709445D211E2AB900B8C05E /* eos_utils.c */ = {isa = PBXFileReference; fileEncoding = 4; lastKnownFileType = sourcecode.c.c; name = eos_utils.c; path = ../src/eos_utils.c; sourceTree = "<group>"; };
		6709445E211E2AB900B8C05E /* eos_stream.c */ = {isa = PBXFileReference; fileEncoding = 4; lastKnownFileType = sourcecode.c.c; name = eos_stream.c; path = ../src/eos_stream.c; sourceTree = "<group>"; };
		6709445F211E2AB900B8C05E /* eos_types.c */ = {isa = PBXFileReference; fileEncoding = 4; lastKnownFileType = sourcecode.c.c; name = eos_types.c; path = ../src/eos_types.c; sourceTree = "<group>"; };
		67094460211E2AB900B8C05E /* eos_types.h */ = {isa = PBXFileReference; fileEncoding = 4; lastKnownFileType = sourcecode.c.h; name = eos_types.h; path = ../src/eos_types.h; sourceTree = "<group>"; };
		67094461211E2AB900B8C05E /* eos_utils.h */ = {isa = PBXFileReference; fileEncoding = 4; lastKnownFileType = sourcecode.c.h; name = eos_utils.h; path = ../src/eos_utils.h; sourceTree = "<group>"; };
		67094465211E2CC200B8C05E /* os.h */ = {isa = PBXFileReference; lastKnownFileType = sourcecode.c.h; path = os.h; sourceTree = "<group>"; };
		67094466211E2D1100B8C05E /* cx.h */ = {isa = PBXFileReference; lastKnownFileType = sourcecode.c.h; path = cx.h; sourceTree = "<group>"; };
		673E26F5217333920028C96F /* eos_parse_eosio.c */ = {isa = PBXFileReference; fileEncoding = 4; lastKnownFileType = sourcecode.c.c; name = eos_parse_eosio.c; path = ../src/eos_parse_eosio.c; sourceTree = "<group>"; };
		673E26F6217333920028C96F /* eos_parse.c */ = {isa = PBXFileReference; fileEncoding = 4; lastKnownFileType = sourcecode.c.c; name = eos_parse.c; path = ../src/eos_parse.c; sourceTree = "<group>"; };
		673E26F7217333930028C96F /* eos_parse.h */ = {isa = PBXFileReference; fileEncoding = 4; lastKnownFileType = sourcecode.c.h; name = eos_parse.h; path = ../src/eos_parse.h; sourceTree = "<group>"; };
		673E26F8217333930028C96F /* eos_parse_eosio.h */ = {isa = PBXFileReference; fileEncoding = 4; lastKnownFileType = sourcecode.c.h; name = eos_parse_eosio.h; path = ../src/eos_parse_eosio.h; sourceTree = "<group>"; };
		673E26F9217333930028C96F /* eos_parse_token.h */ = {isa = PBXFileReference; fileEncoding = 4; lastKnownFileType = sourcecode.c.h; name = eos_parse_token.h; path = ../src/eos_parse_token.h; sourceTree = "<group>"; };
		673E26FA217333930028C96F /* eos_parse_token.c */ = {isa = PBXFileReference; fileEncoding = 4; lastKnownFileType = sourcecode.c.c; name = eos_parse_token.c; path = ../src/eos_parse_token.c; sourceTree = "<group>"; };
		673E26FE217517A50028C96F /* eos_parse_unknown.c */ = {isa = PBXFileReference; fileEncoding = 4; lastKnownFileType = sourcecode.c.c; name = eos_parse_unknown.c; path = ../src/eos_parse_unknown.c; sourceTree = "<group>"; };
		673E26FF217517A50028C96F /* eos_parse_unknown.h */ = {isa = PBXFileReference; fileEncoding = 4; lastKnownFileType = sourcecode.c.h; name = eos_parse_unknown.h; path = ../src/eos_parse_unknown.h; sourceTree = "<group>"; };
		67786CF92191C5080047C22D /* cx.c */ = {isa = PBXFileReference; lastKnownFileType = sourcecode.c.c; path = cx.c; sourceTree = "<group>"; };
/* End PBXFileReference section */

/* Begin PBXFrameworksBuildPhase section */
		6709444F211E2A6B00B8C05E /* Frameworks */ = {
			isa = PBXFrameworksBuildPhase;
			buildActionMask = 2147483647;
			files = (
			);
			runOnlyForDeploymentPostprocessing = 0;
		};
/* End PBXFrameworksBuildPhase section */

/* Begin PBXGroup section */
		67094449211E2A6B00B8C05E = {
			isa = PBXGroup;
			children = (
				673E26FE217517A50028C96F /* eos_parse_unknown.c */,
				673E26FF217517A50028C96F /* eos_parse_unknown.h */,
				673E26F5217333920028C96F /* eos_parse_eosio.c */,
				673E26F8217333930028C96F /* eos_parse_eosio.h */,
				673E26FA217333930028C96F /* eos_parse_token.c */,
				673E26F9217333930028C96F /* eos_parse_token.h */,
				673E26F6217333920028C96F /* eos_parse.c */,
				673E26F7217333930028C96F /* eos_parse.h */,
				6709445E211E2AB900B8C05E /* eos_stream.c */,
				6709445C211E2AB900B8C05E /* eos_stream.h */,
				6709445F211E2AB900B8C05E /* eos_types.c */,
				67094460211E2AB900B8C05E /* eos_types.h */,
				6709445D211E2AB900B8C05E /* eos_utils.c */,
				67094461211E2AB900B8C05E /* eos_utils.h */,
				67094454211E2A6C00B8C05E /* desktop */,
				67094453211E2A6C00B8C05E /* Products */,
			);
			sourceTree = "<group>";
		};
		67094453211E2A6C00B8C05E /* Products */ = {
			isa = PBXGroup;
			children = (
				67094452211E2A6C00B8C05E /* desktop */,
			);
			name = Products;
			sourceTree = "<group>";
		};
		67094454211E2A6C00B8C05E /* desktop */ = {
			isa = PBXGroup;
			children = (
				67094455211E2A6C00B8C05E /* main.c */,
				67094465211E2CC200B8C05E /* os.h */,
				67094466211E2D1100B8C05E /* cx.h */,
				67786CF92191C5080047C22D /* cx.c */,
			);
			path = desktop;
			sourceTree = "<group>";
		};
/* End PBXGroup section */

/* Begin PBXNativeTarget section */
		67094451211E2A6B00B8C05E /* desktop */ = {
			isa = PBXNativeTarget;
			buildConfigurationList = 67094459211E2A6C00B8C05E /* Build configuration list for PBXNativeTarget "desktop" */;
			buildPhases = (
				6709444E211E2A6B00B8C05E /* Sources */,
				6709444F211E2A6B00B8C05E /* Frameworks */,
				67094450211E2A6B00B8C05E /* CopyFiles */,
			);
			buildRules = (
			);
			dependencies = (
			);
			name = desktop;
			productName = desktop;
			productReference = 67094452211E2A6C00B8C05E /* desktop */;
			productType = "com.apple.product-type.tool";
		};
/* End PBXNativeTarget section */

/* Begin PBXProject section */
		6709444A211E2A6B00B8C05E /* Project object */ = {
			isa = PBXProject;
			attributes = {
				LastUpgradeCheck = 0940;
				ORGANIZATIONNAME = "Taras Shchybovyk";
				TargetAttributes = {
					67094451211E2A6B00B8C05E = {
						CreatedOnToolsVersion = 9.4.1;
					};
				};
			};
			buildConfigurationList = 6709444D211E2A6B00B8C05E /* Build configuration list for PBXProject "desktop" */;
			compatibilityVersion = "Xcode 9.3";
			developmentRegion = en;
			hasScannedForEncodings = 0;
			knownRegions = (
				en,
			);
			mainGroup = 67094449211E2A6B00B8C05E;
			productRefGroup = 67094453211E2A6C00B8C05E /* Products */;
			projectDirPath = "";
			projectRoot = "";
			targets = (
				67094451211E2A6B00B8C05E /* desktop */,
			);
		};
/* End PBXProject section */

/* Begin PBXSourcesBuildPhase section */
		6709444E211E2A6B00B8C05E /* Sources */ = {
			isa = PBXSourcesBuildPhase;
			buildActionMask = 2147483647;
			files = (
				673E26FD217333930028C96F /* eos_parse_token.c in Sources */,
				67786CFA2191C5080047C22D /* cx.c in Sources */,
				67094456211E2A6C00B8C05E /* main.c in Sources */,
				673E26FB217333930028C96F /* eos_parse_eosio.c in Sources */,
				67094463211E2AB900B8C05E /* eos_stream.c in Sources */,
				673E2700217517A50028C96F /* eos_parse_unknown.c in Sources */,
				67094462211E2AB900B8C05E /* eos_utils.c in Sources */,
				67094464211E2AB900B8C05E /* eos_types.c in Sources */,
				673E26FC217333930028C96F /* eos_parse.c in Sources */,
			);
			runOnlyForDeploymentPostprocessing = 0;
		};
/* End PBXSourcesBuildPhase section */

/* Begin XCBuildConfiguration section */
		67094457211E2A6C00B8C05E /* Debug */ = {
			isa = XCBuildConfiguration;
			buildSettings = {
				ALWAYS_SEARCH_USER_PATHS = NO;
				CLANG_ANALYZER_NONNULL = YES;
				CLANG_ANALYZER_NUMBER_OBJECT_CONVERSION = YES_AGGRESSIVE;
				CLANG_CXX_LANGUAGE_STANDARD = "gnu++14";
				CLANG_CXX_LIBRARY = "libc++";
				CLANG_ENABLE_MODULES = YES;
				CLANG_ENABLE_OBJC_ARC = YES;
				CLANG_ENABLE_OBJC_WEAK = YES;
				CLANG_WARN_BLOCK_CAPTURE_AUTORELEASING = YES;
				CLANG_WARN_BOOL_CONVERSION = YES;
				CLANG_WARN_COMMA = YES;
				CLANG_WARN_CONSTANT_CONVERSION = YES;
				CLANG_WARN_DEPRECATED_OBJC_IMPLEMENTATIONS = YES;
				CLANG_WARN_DIRECT_OBJC_ISA_USAGE = YES_ERROR;
				CLANG_WARN_DOCUMENTATION_COMMENTS = YES;
				CLANG_WARN_EMPTY_BODY = YES;
				CLANG_WARN_ENUM_CONVERSION = YES;
				CLANG_WARN_INFINITE_RECURSION = YES;
				CLANG_WARN_INT_CONVERSION = YES;
				CLANG_WARN_NON_LITERAL_NULL_CONVERSION = YES;
				CLANG_WARN_OBJC_IMPLICIT_RETAIN_SELF = YES;
				CLANG_WARN_OBJC_LITERAL_CONVERSION = YES;
				CLANG_WARN_OBJC_ROOT_CLASS = YES_ERROR;
				CLANG_WARN_RANGE_LOOP_ANALYSIS = YES;
				CLANG_WARN_STRICT_PROTOTYPES = YES;
				CLANG_WARN_SUSPICIOUS_MOVE = YES;
				CLANG_WARN_UNGUARDED_AVAILABILITY = YES_AGGRESSIVE;
				CLANG_WARN_UNREACHABLE_CODE = YES;
				CLANG_WARN__DUPLICATE_METHOD_MATCH = YES;
				CODE_SIGN_IDENTITY = "-";
				COPY_PHASE_STRIP = NO;
				DEBUG_INFORMATION_FORMAT = dwarf;
				ENABLE_STRICT_OBJC_MSGSEND = YES;
				ENABLE_TESTABILITY = YES;
				GCC_C_LANGUAGE_STANDARD = gnu11;
				GCC_DYNAMIC_NO_PIC = NO;
				GCC_NO_COMMON_BLOCKS = YES;
				GCC_OPTIMIZATION_LEVEL = 0;
				GCC_PREPROCESSOR_DEFINITIONS = (
					"DEBUG=1",
					"$(inherited)",
				);
				GCC_WARN_64_TO_32_BIT_CONVERSION = YES;
				GCC_WARN_ABOUT_RETURN_TYPE = YES_ERROR;
				GCC_WARN_UNDECLARED_SELECTOR = YES;
				GCC_WARN_UNINITIALIZED_AUTOS = YES_AGGRESSIVE;
				GCC_WARN_UNUSED_FUNCTION = YES;
				GCC_WARN_UNUSED_VARIABLE = YES;
				MACOSX_DEPLOYMENT_TARGET = 10.13;
				MTL_ENABLE_DEBUG_INFO = YES;
				ONLY_ACTIVE_ARCH = YES;
				SDKROOT = macosx;
			};
			name = Debug;
		};
		67094458211E2A6C00B8C05E /* Release */ = {
			isa = XCBuildConfiguration;
			buildSettings = {
				ALWAYS_SEARCH_USER_PATHS = NO;
				CLANG_ANALYZER_NONNULL = YES;
				CLANG_ANALYZER_NUMBER_OBJECT_CONVERSION = YES_AGGRESSIVE;
				CLANG_CXX_LANGUAGE_STANDARD = "gnu++14";
				CLANG_CXX_LIBRARY = "libc++";
				CLANG_ENABLE_MODULES = YES;
				CLANG_ENABLE_OBJC_ARC = YES;
				CLANG_ENABLE_OBJC_WEAK = YES;
				CLANG_WARN_BLOCK_CAPTURE_AUTORELEASING = YES;
				CLANG_WARN_BOOL_CONVERSION = YES;
				CLANG_WARN_COMMA = YES;
				CLANG_WARN_CONSTANT_CONVERSION = YES;
				CLANG_WARN_DEPRECATED_OBJC_IMPLEMENTATIONS = YES;
				CLANG_WARN_DIRECT_OBJC_ISA_USAGE = YES_ERROR;
				CLANG_WARN_DOCUMENTATION_COMMENTS = YES;
				CLANG_WARN_EMPTY_BODY = YES;
				CLANG_WARN_ENUM_CONVERSION = YES;
				CLANG_WARN_INFINITE_RECURSION = YES;
				CLANG_WARN_INT_CONVERSION = YES;
				CLANG_WARN_NON_LITERAL_NULL_CONVERSION = YES;
				CLANG_WARN_OBJC_IMPLICIT_RETAIN_SELF = YES;
				CLANG_WARN_OBJC_LITERAL_CONVERSION = YES;
				CLANG_WARN_OBJC_ROOT_CLASS = YES_ERROR;
				CLANG_WARN_RANGE_LOOP_ANALYSIS = YES;
				CLANG_WARN_STRICT_PROTOTYPES = YES;
				CLANG_WARN_SUSPICIOUS_MOVE = YES;
				CLANG_WARN_UNGUARDED_AVAILABILITY = YES_AGGRESSIVE;
				CLANG_WARN_UNREACHABLE_CODE = YES;
				CLANG_WARN__DUPLICATE_METHOD_MATCH = YES;
				CODE_SIGN_IDENTITY = "-";
				COPY_PHASE_STRIP = NO;
				DEBUG_INFORMATION_FORMAT = "dwarf-with-dsym";
				ENABLE_NS_ASSERTIONS = NO;
				ENABLE_STRICT_OBJC_MSGSEND = YES;
				GCC_C_LANGUAGE_STANDARD = gnu11;
				GCC_NO_COMMON_BLOCKS = YES;
				GCC_WARN_64_TO_32_BIT_CONVERSION = YES;
				GCC_WARN_ABOUT_RETURN_TYPE = YES_ERROR;
				GCC_WARN_UNDECLARED_SELECTOR = YES;
				GCC_WARN_UNINITIALIZED_AUTOS = YES_AGGRESSIVE;
				GCC_WARN_UNUSED_FUNCTION = YES;
				GCC_WARN_UNUSED_VARIABLE = YES;
				MACOSX_DEPLOYMENT_TARGET = 10.13;
				MTL_ENABLE_DEBUG_INFO = NO;
				SDKROOT = macosx;
			};
			name = Release;
		};
		6709445A211E2A6C00B8C05E /* Debug */ = {
			isa = XCBuildConfiguration;
			buildSettings = {
				CLANG_ALLOW_NON_MODULAR_INCLUDES_IN_FRAMEWORK_MODULES = YES;
				CODE_SIGN_STYLE = Automatic;
				"HEADER_SEARCH_PATHS[arch=*]" = /usr/local/opt/openssl/include;
				"INFOPLIST_PREPROCESSOR_DEFINITIONS[sdk=*]" = DEBUG_APP;
				"LIBRARY_SEARCH_PATHS[arch=*]" = /usr/local/opt/openssl/lib;
				"OTHER_LDFLAGS[arch=*]" = "-v";
				PRODUCT_NAME = "$(TARGET_NAME)";
			};
			name = Debug;
		};
		6709445B211E2A6C00B8C05E /* Release */ = {
			isa = XCBuildConfiguration;
			buildSettings = {
				CLANG_ALLOW_NON_MODULAR_INCLUDES_IN_FRAMEWORK_MODULES = YES;
				CODE_SIGN_STYLE = Automatic;
				"HEADER_SEARCH_PATHS[arch=*]" = /usr/local/opt/openssl/include;
				"LIBRARY_SEARCH_PATHS[arch=*]" = /usr/local/opt/openssl/lib;
				PRODUCT_NAME = "$(TARGET_NAME)";
			};
			name = Release;
		};
/* End XCBuildConfiguration section */

/* Begin XCConfigurationList section */
		6709444D211E2A6B00B8C05E /* Build configuration list for PBXProject "desktop" */ = {
			isa = XCConfigurationList;
			buildConfigurations = (
				67094457211E2A6C00B8C05E /* Debug */,
				67094458211E2A6C00B8C05E /* Release */,
			);
			defaultConfigurationIsVisible = 0;
			defaultConfigurationName = Release;
		};
		67094459211E2A6C00B8C05E /* Build configuration list for PBXNativeTarget "desktop" */ = {
			isa = XCConfigurationList;
			buildConfigurations = (
				6709445A211E2A6C00B8C05E /* Debug */,
				6709445B211E2A6C00B8C05E /* Release */,
			);
			defaultConfigurationIsVisible = 0;
			defaultConfigurationName = Release;
		};
/* End XCConfigurationList section */
	};
	rootObject = 6709444A211E2A6B00B8C05E /* Project object */;
}
